// !$*UTF8*$!
{
	archiveVersion = 1;
	classes = {
	};
	objectVersion = 50;
	objects = {

/* Begin PBXBuildFile section */
		DA0FF7E726AA371C00B70DD6 /* TabsViewModel.swift in Sources */ = {isa = PBXBuildFile; fileRef = DA0FF7E626AA371C00B70DD6 /* TabsViewModel.swift */; };
		DA0FF7EB26AA374400B70DD6 /* SplitViewController.swift in Sources */ = {isa = PBXBuildFile; fileRef = DA0FF7EA26AA374400B70DD6 /* SplitViewController.swift */; };
		DA0FF7EE26AA376700B70DD6 /* SideBarViewController.swift in Sources */ = {isa = PBXBuildFile; fileRef = DA0FF7ED26AA376700B70DD6 /* SideBarViewController.swift */; };
		DA12331D2597ACEC00C5933E /* DetailNavigationView.swift in Sources */ = {isa = PBXBuildFile; fileRef = DA12331C2597ACEC00C5933E /* DetailNavigationView.swift */; };
		DA12331F2597B7D200C5933E /* DetailTopFactsCell.swift in Sources */ = {isa = PBXBuildFile; fileRef = DA12331E2597B7D200C5933E /* DetailTopFactsCell.swift */; };
		DA15B0F6259903CC00E2321E /* UpdateDataModel.swift in Sources */ = {isa = PBXBuildFile; fileRef = DA15B0F5259903CC00E2321E /* UpdateDataModel.swift */; };
		DA15B0F82599057200E2321E /* UpdatesViewCell.swift in Sources */ = {isa = PBXBuildFile; fileRef = DA15B0F72599057200E2321E /* UpdatesViewCell.swift */; };
		DA19A1DB259B304B00D8D039 /* SearchViewCell.swift in Sources */ = {isa = PBXBuildFile; fileRef = DA19A1DA259B304B00D8D039 /* SearchViewCell.swift */; };
		DA19A1DD259B306600D8D039 /* SearchModel.swift in Sources */ = {isa = PBXBuildFile; fileRef = DA19A1DC259B306600D8D039 /* SearchModel.swift */; };
		DA19A1E0259B985900D8D039 /* TableKeys.swift in Sources */ = {isa = PBXBuildFile; fileRef = DA19A1DF259B985900D8D039 /* TableKeys.swift */; };
		DA19A1E2259BAB0900D8D039 /* AccountViewController.swift in Sources */ = {isa = PBXBuildFile; fileRef = DA19A1E1259BAB0900D8D039 /* AccountViewController.swift */; };
		DA19A1E4259BACB400D8D039 /* AccountViewCell.swift in Sources */ = {isa = PBXBuildFile; fileRef = DA19A1E3259BACB400D8D039 /* AccountViewCell.swift */; };
		DA218DA52597DF61003184E6 /* DetailNewFeatureViewCell.swift in Sources */ = {isa = PBXBuildFile; fileRef = DA218DA42597DF61003184E6 /* DetailNewFeatureViewCell.swift */; };
		DA692AEB259449780069CA8B /* AppDelegate.swift in Sources */ = {isa = PBXBuildFile; fileRef = DA692AEA259449780069CA8B /* AppDelegate.swift */; };
		DA692AED259449780069CA8B /* SceneDelegate.swift in Sources */ = {isa = PBXBuildFile; fileRef = DA692AEC259449780069CA8B /* SceneDelegate.swift */; };
		DA692AF2259449780069CA8B /* Main.storyboard in Resources */ = {isa = PBXBuildFile; fileRef = DA692AF0259449780069CA8B /* Main.storyboard */; };
		DA692AF4259449810069CA8B /* Assets.xcassets in Resources */ = {isa = PBXBuildFile; fileRef = DA692AF3259449810069CA8B /* Assets.xcassets */; };
		DA692AF7259449810069CA8B /* LaunchScreen.storyboard in Resources */ = {isa = PBXBuildFile; fileRef = DA692AF5259449810069CA8B /* LaunchScreen.storyboard */; };
		DA692B00259449E80069CA8B /* MainTabViewController.swift in Sources */ = {isa = PBXBuildFile; fileRef = DA692AFF259449E80069CA8B /* MainTabViewController.swift */; };
		DA692B0325944BA30069CA8B /* TodayViewController.swift in Sources */ = {isa = PBXBuildFile; fileRef = DA692B0225944BA30069CA8B /* TodayViewController.swift */; };
		DA692B0625944C0B0069CA8B /* GamesViewController.swift in Sources */ = {isa = PBXBuildFile; fileRef = DA692B0525944C0B0069CA8B /* GamesViewController.swift */; };
		DA692B0925944C3E0069CA8B /* UpdatesViewController.swift in Sources */ = {isa = PBXBuildFile; fileRef = DA692B0825944C3E0069CA8B /* UpdatesViewController.swift */; };
		DA692B0C25944C750069CA8B /* SearchViewController.swift in Sources */ = {isa = PBXBuildFile; fileRef = DA692B0B25944C750069CA8B /* SearchViewController.swift */; };
		DA692B1125947BA40069CA8B /* TodayViewCell.swift in Sources */ = {isa = PBXBuildFile; fileRef = DA692B1025947BA40069CA8B /* TodayViewCell.swift */; };
		DA692B1425947DA20069CA8B /* GlobalConstants.swift in Sources */ = {isa = PBXBuildFile; fileRef = DA692B1325947DA20069CA8B /* GlobalConstants.swift */; };
		DA692B1625947F880069CA8B /* GlobalFunctions.swift in Sources */ = {isa = PBXBuildFile; fileRef = DA692B1525947F880069CA8B /* GlobalFunctions.swift */; };
		DA692B18259493590069CA8B /* TodayHeaderView.swift in Sources */ = {isa = PBXBuildFile; fileRef = DA692B17259493590069CA8B /* TodayHeaderView.swift */; };
		DA692B1B259496C50069CA8B /* UIView.swift in Sources */ = {isa = PBXBuildFile; fileRef = DA692B1A259496C50069CA8B /* UIView.swift */; };
		DA692B1D25949F2C0069CA8B /* TodayDetailView.swift in Sources */ = {isa = PBXBuildFile; fileRef = DA692B1C25949F2C0069CA8B /* TodayDetailView.swift */; };
		DA692B1F2594A2DB0069CA8B /* String.swift in Sources */ = {isa = PBXBuildFile; fileRef = DA692B1E2594A2DB0069CA8B /* String.swift */; };
		DA692B212594A76D0069CA8B /* TodayAnimationTransition.swift in Sources */ = {isa = PBXBuildFile; fileRef = DA692B202594A76D0069CA8B /* TodayAnimationTransition.swift */; };
		DA9DECE62595F630002C28A7 /* GameFeatured.swift in Sources */ = {isa = PBXBuildFile; fileRef = DA9DECE52595F630002C28A7 /* GameFeatured.swift */; };
		DA9DECE82595F699002C28A7 /* GamePopular.swift in Sources */ = {isa = PBXBuildFile; fileRef = DA9DECE72595F699002C28A7 /* GamePopular.swift */; };
		DA9DECEA2595F728002C28A7 /* GameFeaturedTableViewCell.swift in Sources */ = {isa = PBXBuildFile; fileRef = DA9DECE92595F728002C28A7 /* GameFeaturedTableViewCell.swift */; };
		DA9DECEC2595F791002C28A7 /* GameFeaturedCollectionView.swift in Sources */ = {isa = PBXBuildFile; fileRef = DA9DECEB2595F791002C28A7 /* GameFeaturedCollectionView.swift */; };
		DA9DECEE2595F7B2002C28A7 /* GameFeaturedCollectionViewCell.swift in Sources */ = {isa = PBXBuildFile; fileRef = DA9DECED2595F7B2002C28A7 /* GameFeaturedCollectionViewCell.swift */; };
		DA9DECF12596058A002C28A7 /* GameCollectionViewFlowLayout.swift in Sources */ = {isa = PBXBuildFile; fileRef = DA9DECF02596058A002C28A7 /* GameCollectionViewFlowLayout.swift */; };
		DA9DECF425965DDB002C28A7 /* GamePopularHeaderView.swift in Sources */ = {isa = PBXBuildFile; fileRef = DA9DECF325965DDB002C28A7 /* GamePopularHeaderView.swift */; };
		DA9DECF625966540002C28A7 /* GamePopularTableViewCell.swift in Sources */ = {isa = PBXBuildFile; fileRef = DA9DECF525966540002C28A7 /* GamePopularTableViewCell.swift */; };
		DA9DECF825966679002C28A7 /* GamePopularCollectionView.swift in Sources */ = {isa = PBXBuildFile; fileRef = DA9DECF725966679002C28A7 /* GamePopularCollectionView.swift */; };
		DA9DECFA25966697002C28A7 /* GamePopularCollectionViewCell.swift in Sources */ = {isa = PBXBuildFile; fileRef = DA9DECF925966697002C28A7 /* GamePopularCollectionViewCell.swift */; };
		DA9DECFD25967F4B002C28A7 /* GameLinksHeaderView.swift in Sources */ = {isa = PBXBuildFile; fileRef = DA9DECFC25967F4A002C28A7 /* GameLinksHeaderView.swift */; };
		DA9DECFF25967FA2002C28A7 /* GameLinkTableViewCell.swift in Sources */ = {isa = PBXBuildFile; fileRef = DA9DECFE25967FA2002C28A7 /* GameLinkTableViewCell.swift */; };
		DA9DED0125967FC7002C28A7 /* GameLinkTableView.swift in Sources */ = {isa = PBXBuildFile; fileRef = DA9DED0025967FC7002C28A7 /* GameLinkTableView.swift */; };
		DA9E6A67259871E0001045F3 /* DetailReviewTableViewCell.swift in Sources */ = {isa = PBXBuildFile; fileRef = DA9E6A66259871E0001045F3 /* DetailReviewTableViewCell.swift */; };
		DA9E6A6925987215001045F3 /* DetailReviewCollectionView.swift in Sources */ = {isa = PBXBuildFile; fileRef = DA9E6A6825987215001045F3 /* DetailReviewCollectionView.swift */; };
		DA9E6A6B25987237001045F3 /* DetailReviewCollectionViewCell.swift in Sources */ = {isa = PBXBuildFile; fileRef = DA9E6A6A25987237001045F3 /* DetailReviewCollectionViewCell.swift */; };
		DA9E6A6D25987274001045F3 /* CommonSectionHeaderView.swift in Sources */ = {isa = PBXBuildFile; fileRef = DA9E6A6C25987274001045F3 /* CommonSectionHeaderView.swift */; };
		DA9E6A6F25987504001045F3 /* CommonCollectionViewFlowLayout.swift in Sources */ = {isa = PBXBuildFile; fileRef = DA9E6A6E25987504001045F3 /* CommonCollectionViewFlowLayout.swift */; };
		DA9E6A7225987E01001045F3 /* DetailInformationTableViewCell.swift in Sources */ = {isa = PBXBuildFile; fileRef = DA9E6A7125987E01001045F3 /* DetailInformationTableViewCell.swift */; };
		DA9E6A7425987E21001045F3 /* InformationTableView.swift in Sources */ = {isa = PBXBuildFile; fileRef = DA9E6A7325987E21001045F3 /* InformationTableView.swift */; };
		DA9E6A7625987E38001045F3 /* InformationTableViewCell.swift in Sources */ = {isa = PBXBuildFile; fileRef = DA9E6A7525987E38001045F3 /* InformationTableViewCell.swift */; };
		DA9E6A78259883EE001045F3 /* GameDetailViewController.swift in Sources */ = {isa = PBXBuildFile; fileRef = DA9E6A77259883EE001045F3 /* GameDetailViewController.swift */; };
		DACE119C259504F60066ADB4 /* TodayDetailViewController.swift in Sources */ = {isa = PBXBuildFile; fileRef = DACE119B259504F60066ADB4 /* TodayDetailViewController.swift */; };
/* End PBXBuildFile section */

/* Begin PBXFileReference section */
		DA0FF7E626AA371C00B70DD6 /* TabsViewModel.swift */ = {isa = PBXFileReference; lastKnownFileType = sourcecode.swift; path = TabsViewModel.swift; sourceTree = "<group>"; };
		DA0FF7EA26AA374400B70DD6 /* SplitViewController.swift */ = {isa = PBXFileReference; lastKnownFileType = sourcecode.swift; path = SplitViewController.swift; sourceTree = "<group>"; };
		DA0FF7ED26AA376700B70DD6 /* SideBarViewController.swift */ = {isa = PBXFileReference; lastKnownFileType = sourcecode.swift; path = SideBarViewController.swift; sourceTree = "<group>"; };
		DA12331C2597ACEC00C5933E /* DetailNavigationView.swift */ = {isa = PBXFileReference; lastKnownFileType = sourcecode.swift; path = DetailNavigationView.swift; sourceTree = "<group>"; };
		DA12331E2597B7D200C5933E /* DetailTopFactsCell.swift */ = {isa = PBXFileReference; lastKnownFileType = sourcecode.swift; path = DetailTopFactsCell.swift; sourceTree = "<group>"; };
		DA15B0F5259903CC00E2321E /* UpdateDataModel.swift */ = {isa = PBXFileReference; lastKnownFileType = sourcecode.swift; path = UpdateDataModel.swift; sourceTree = "<group>"; };
		DA15B0F72599057200E2321E /* UpdatesViewCell.swift */ = {isa = PBXFileReference; lastKnownFileType = sourcecode.swift; path = UpdatesViewCell.swift; sourceTree = "<group>"; };
		DA19A1DA259B304B00D8D039 /* SearchViewCell.swift */ = {isa = PBXFileReference; lastKnownFileType = sourcecode.swift; path = SearchViewCell.swift; sourceTree = "<group>"; };
		DA19A1DC259B306600D8D039 /* SearchModel.swift */ = {isa = PBXFileReference; lastKnownFileType = sourcecode.swift; path = SearchModel.swift; sourceTree = "<group>"; };
		DA19A1DF259B985900D8D039 /* TableKeys.swift */ = {isa = PBXFileReference; lastKnownFileType = sourcecode.swift; path = TableKeys.swift; sourceTree = "<group>"; };
		DA19A1E1259BAB0900D8D039 /* AccountViewController.swift */ = {isa = PBXFileReference; lastKnownFileType = sourcecode.swift; path = AccountViewController.swift; sourceTree = "<group>"; };
		DA19A1E3259BACB400D8D039 /* AccountViewCell.swift */ = {isa = PBXFileReference; lastKnownFileType = sourcecode.swift; path = AccountViewCell.swift; sourceTree = "<group>"; };
		DA218DA42597DF61003184E6 /* DetailNewFeatureViewCell.swift */ = {isa = PBXFileReference; lastKnownFileType = sourcecode.swift; path = DetailNewFeatureViewCell.swift; sourceTree = "<group>"; };
		DA692AE7259449780069CA8B /* Storemator.app */ = {isa = PBXFileReference; explicitFileType = wrapper.application; includeInIndex = 0; path = Storemator.app; sourceTree = BUILT_PRODUCTS_DIR; };
		DA692AEA259449780069CA8B /* AppDelegate.swift */ = {isa = PBXFileReference; lastKnownFileType = sourcecode.swift; path = AppDelegate.swift; sourceTree = "<group>"; };
		DA692AEC259449780069CA8B /* SceneDelegate.swift */ = {isa = PBXFileReference; lastKnownFileType = sourcecode.swift; path = SceneDelegate.swift; sourceTree = "<group>"; };
		DA692AF1259449780069CA8B /* Base */ = {isa = PBXFileReference; lastKnownFileType = file.storyboard; name = Base; path = Base.lproj/Main.storyboard; sourceTree = "<group>"; };
		DA692AF3259449810069CA8B /* Assets.xcassets */ = {isa = PBXFileReference; lastKnownFileType = folder.assetcatalog; path = Assets.xcassets; sourceTree = "<group>"; };
		DA692AF6259449810069CA8B /* Base */ = {isa = PBXFileReference; lastKnownFileType = file.storyboard; name = Base; path = Base.lproj/LaunchScreen.storyboard; sourceTree = "<group>"; };
		DA692AF8259449810069CA8B /* Info.plist */ = {isa = PBXFileReference; lastKnownFileType = text.plist.xml; path = Info.plist; sourceTree = "<group>"; };
		DA692AFF259449E80069CA8B /* MainTabViewController.swift */ = {isa = PBXFileReference; lastKnownFileType = sourcecode.swift; path = MainTabViewController.swift; sourceTree = "<group>"; };
		DA692B0225944BA30069CA8B /* TodayViewController.swift */ = {isa = PBXFileReference; lastKnownFileType = sourcecode.swift; path = TodayViewController.swift; sourceTree = "<group>"; };
		DA692B0525944C0B0069CA8B /* GamesViewController.swift */ = {isa = PBXFileReference; lastKnownFileType = sourcecode.swift; path = GamesViewController.swift; sourceTree = "<group>"; };
		DA692B0825944C3E0069CA8B /* UpdatesViewController.swift */ = {isa = PBXFileReference; lastKnownFileType = sourcecode.swift; path = UpdatesViewController.swift; sourceTree = "<group>"; };
		DA692B0B25944C750069CA8B /* SearchViewController.swift */ = {isa = PBXFileReference; lastKnownFileType = sourcecode.swift; path = SearchViewController.swift; sourceTree = "<group>"; };
		DA692B1025947BA40069CA8B /* TodayViewCell.swift */ = {isa = PBXFileReference; lastKnownFileType = sourcecode.swift; path = TodayViewCell.swift; sourceTree = "<group>"; };
		DA692B1325947DA20069CA8B /* GlobalConstants.swift */ = {isa = PBXFileReference; lastKnownFileType = sourcecode.swift; path = GlobalConstants.swift; sourceTree = "<group>"; };
		DA692B1525947F880069CA8B /* GlobalFunctions.swift */ = {isa = PBXFileReference; lastKnownFileType = sourcecode.swift; path = GlobalFunctions.swift; sourceTree = "<group>"; };
		DA692B17259493590069CA8B /* TodayHeaderView.swift */ = {isa = PBXFileReference; lastKnownFileType = sourcecode.swift; path = TodayHeaderView.swift; sourceTree = "<group>"; };
		DA692B1A259496C50069CA8B /* UIView.swift */ = {isa = PBXFileReference; fileEncoding = 4; lastKnownFileType = sourcecode.swift; path = UIView.swift; sourceTree = "<group>"; };
		DA692B1C25949F2C0069CA8B /* TodayDetailView.swift */ = {isa = PBXFileReference; lastKnownFileType = sourcecode.swift; path = TodayDetailView.swift; sourceTree = "<group>"; };
		DA692B1E2594A2DB0069CA8B /* String.swift */ = {isa = PBXFileReference; lastKnownFileType = sourcecode.swift; path = String.swift; sourceTree = "<group>"; };
		DA692B202594A76D0069CA8B /* TodayAnimationTransition.swift */ = {isa = PBXFileReference; lastKnownFileType = sourcecode.swift; path = TodayAnimationTransition.swift; sourceTree = "<group>"; };
		DA9DECE52595F630002C28A7 /* GameFeatured.swift */ = {isa = PBXFileReference; lastKnownFileType = sourcecode.swift; path = GameFeatured.swift; sourceTree = "<group>"; };
		DA9DECE72595F699002C28A7 /* GamePopular.swift */ = {isa = PBXFileReference; lastKnownFileType = sourcecode.swift; path = GamePopular.swift; sourceTree = "<group>"; };
		DA9DECE92595F728002C28A7 /* GameFeaturedTableViewCell.swift */ = {isa = PBXFileReference; lastKnownFileType = sourcecode.swift; path = GameFeaturedTableViewCell.swift; sourceTree = "<group>"; };
		DA9DECEB2595F791002C28A7 /* GameFeaturedCollectionView.swift */ = {isa = PBXFileReference; lastKnownFileType = sourcecode.swift; path = GameFeaturedCollectionView.swift; sourceTree = "<group>"; };
		DA9DECED2595F7B2002C28A7 /* GameFeaturedCollectionViewCell.swift */ = {isa = PBXFileReference; lastKnownFileType = sourcecode.swift; path = GameFeaturedCollectionViewCell.swift; sourceTree = "<group>"; };
		DA9DECF02596058A002C28A7 /* GameCollectionViewFlowLayout.swift */ = {isa = PBXFileReference; lastKnownFileType = sourcecode.swift; path = GameCollectionViewFlowLayout.swift; sourceTree = "<group>"; };
		DA9DECF325965DDB002C28A7 /* GamePopularHeaderView.swift */ = {isa = PBXFileReference; lastKnownFileType = sourcecode.swift; path = GamePopularHeaderView.swift; sourceTree = "<group>"; };
		DA9DECF525966540002C28A7 /* GamePopularTableViewCell.swift */ = {isa = PBXFileReference; lastKnownFileType = sourcecode.swift; path = GamePopularTableViewCell.swift; sourceTree = "<group>"; };
		DA9DECF725966679002C28A7 /* GamePopularCollectionView.swift */ = {isa = PBXFileReference; lastKnownFileType = sourcecode.swift; path = GamePopularCollectionView.swift; sourceTree = "<group>"; };
		DA9DECF925966697002C28A7 /* GamePopularCollectionViewCell.swift */ = {isa = PBXFileReference; lastKnownFileType = sourcecode.swift; path = GamePopularCollectionViewCell.swift; sourceTree = "<group>"; };
		DA9DECFC25967F4A002C28A7 /* GameLinksHeaderView.swift */ = {isa = PBXFileReference; lastKnownFileType = sourcecode.swift; path = GameLinksHeaderView.swift; sourceTree = "<group>"; };
		DA9DECFE25967FA2002C28A7 /* GameLinkTableViewCell.swift */ = {isa = PBXFileReference; lastKnownFileType = sourcecode.swift; path = GameLinkTableViewCell.swift; sourceTree = "<group>"; };
		DA9DED0025967FC7002C28A7 /* GameLinkTableView.swift */ = {isa = PBXFileReference; lastKnownFileType = sourcecode.swift; path = GameLinkTableView.swift; sourceTree = "<group>"; };
		DA9E6A66259871E0001045F3 /* DetailReviewTableViewCell.swift */ = {isa = PBXFileReference; lastKnownFileType = sourcecode.swift; path = DetailReviewTableViewCell.swift; sourceTree = "<group>"; };
		DA9E6A6825987215001045F3 /* DetailReviewCollectionView.swift */ = {isa = PBXFileReference; lastKnownFileType = sourcecode.swift; path = DetailReviewCollectionView.swift; sourceTree = "<group>"; };
		DA9E6A6A25987237001045F3 /* DetailReviewCollectionViewCell.swift */ = {isa = PBXFileReference; lastKnownFileType = sourcecode.swift; path = DetailReviewCollectionViewCell.swift; sourceTree = "<group>"; };
		DA9E6A6C25987274001045F3 /* CommonSectionHeaderView.swift */ = {isa = PBXFileReference; lastKnownFileType = sourcecode.swift; path = CommonSectionHeaderView.swift; sourceTree = "<group>"; };
		DA9E6A6E25987504001045F3 /* CommonCollectionViewFlowLayout.swift */ = {isa = PBXFileReference; lastKnownFileType = sourcecode.swift; path = CommonCollectionViewFlowLayout.swift; sourceTree = "<group>"; };
		DA9E6A7125987E01001045F3 /* DetailInformationTableViewCell.swift */ = {isa = PBXFileReference; lastKnownFileType = sourcecode.swift; path = DetailInformationTableViewCell.swift; sourceTree = "<group>"; };
		DA9E6A7325987E21001045F3 /* InformationTableView.swift */ = {isa = PBXFileReference; lastKnownFileType = sourcecode.swift; path = InformationTableView.swift; sourceTree = "<group>"; };
		DA9E6A7525987E38001045F3 /* InformationTableViewCell.swift */ = {isa = PBXFileReference; lastKnownFileType = sourcecode.swift; path = InformationTableViewCell.swift; sourceTree = "<group>"; };
		DA9E6A77259883EE001045F3 /* GameDetailViewController.swift */ = {isa = PBXFileReference; lastKnownFileType = sourcecode.swift; path = GameDetailViewController.swift; sourceTree = "<group>"; };
		DACE119B259504F60066ADB4 /* TodayDetailViewController.swift */ = {isa = PBXFileReference; lastKnownFileType = sourcecode.swift; path = TodayDetailViewController.swift; sourceTree = "<group>"; };
/* End PBXFileReference section */

/* Begin PBXFrameworksBuildPhase section */
		DA692AE4259449780069CA8B /* Frameworks */ = {
			isa = PBXFrameworksBuildPhase;
			buildActionMask = 2147483647;
			files = (
			);
			runOnlyForDeploymentPostprocessing = 0;
		};
/* End PBXFrameworksBuildPhase section */

/* Begin PBXGroup section */
		DA0FF7E526AA36E400B70DD6 /* Sidebar */ = {
			isa = PBXGroup;
			children = (
				DA0FF7E626AA371C00B70DD6 /* TabsViewModel.swift */,
				DA0FF7EA26AA374400B70DD6 /* SplitViewController.swift */,
				DA0FF7ED26AA376700B70DD6 /* SideBarViewController.swift */,
			);
			path = Sidebar;
			sourceTree = "<group>";
		};
		DA12331B2597ACC700C5933E /* Detail */ = {
			isa = PBXGroup;
			children = (
				DA9E6A7025987DC7001045F3 /* InformationCell */,
				DA9E6A65259871B2001045F3 /* ReviewCell */,
				DA12331C2597ACEC00C5933E /* DetailNavigationView.swift */,
				DA12331E2597B7D200C5933E /* DetailTopFactsCell.swift */,
				DA218DA42597DF61003184E6 /* DetailNewFeatureViewCell.swift */,
				DA9E6A6C25987274001045F3 /* CommonSectionHeaderView.swift */,
			);
			path = Detail;
			sourceTree = "<group>";
		};
		DA15B0F22599039800E2321E /* Controller */ = {
			isa = PBXGroup;
			children = (
				DA692B0825944C3E0069CA8B /* UpdatesViewController.swift */,
			);
			path = Controller;
			sourceTree = "<group>";
		};
		DA15B0F3259903AC00E2321E /* Model */ = {
			isa = PBXGroup;
			children = (
				DA15B0F5259903CC00E2321E /* UpdateDataModel.swift */,
			);
			path = Model;
			sourceTree = "<group>";
		};
		DA15B0F4259903B500E2321E /* View */ = {
			isa = PBXGroup;
			children = (
				DA15B0F72599057200E2321E /* UpdatesViewCell.swift */,
			);
			path = View;
			sourceTree = "<group>";
		};
		DA19A1D7259B301400D8D039 /* Controller */ = {
			isa = PBXGroup;
			children = (
				DA692B0B25944C750069CA8B /* SearchViewController.swift */,
			);
			path = Controller;
			sourceTree = "<group>";
		};
		DA19A1D8259B302B00D8D039 /* Model */ = {
			isa = PBXGroup;
			children = (
				DA19A1DC259B306600D8D039 /* SearchModel.swift */,
			);
			path = Model;
			sourceTree = "<group>";
		};
		DA19A1D9259B303300D8D039 /* View */ = {
			isa = PBXGroup;
			children = (
				DA19A1DA259B304B00D8D039 /* SearchViewCell.swift */,
			);
			path = View;
			sourceTree = "<group>";
		};
		DA19A1DE259B97A200D8D039 /* Others */ = {
			isa = PBXGroup;
			children = (
				DA692AEC259449780069CA8B /* SceneDelegate.swift */,
				DA692AEA259449780069CA8B /* AppDelegate.swift */,
				DA19A1E1259BAB0900D8D039 /* AccountViewController.swift */,
				DA19A1E3259BACB400D8D039 /* AccountViewCell.swift */,
			);
			path = Others;
			sourceTree = "<group>";
		};
		DA692ADE259449780069CA8B = {
			isa = PBXGroup;
			children = (
				DA692AE9259449780069CA8B /* Storemator */,
				DA692AE8259449780069CA8B /* Products */,
			);
			sourceTree = "<group>";
		};
		DA692AE8259449780069CA8B /* Products */ = {
			isa = PBXGroup;
			children = (
				DA692AE7259449780069CA8B /* Storemator.app */,
			);
			name = Products;
			sourceTree = "<group>";
		};
		DA692AE9259449780069CA8B /* Storemator */ = {
			isa = PBXGroup;
			children = (
				DA0FF7E526AA36E400B70DD6 /* Sidebar */,
				DA19A1DE259B97A200D8D039 /* Others */,
				DA692B19259496930069CA8B /* Extensions */,
				DA692B1225947D900069CA8B /* Utils */,
				DA692AFE259449C10069CA8B /* TabBar */,
				DA692AF0259449780069CA8B /* Main.storyboard */,
				DA692AF3259449810069CA8B /* Assets.xcassets */,
				DA692AF5259449810069CA8B /* LaunchScreen.storyboard */,
				DA692AF8259449810069CA8B /* Info.plist */,
			);
			path = Storemator;
			sourceTree = "<group>";
		};
		DA692AFE259449C10069CA8B /* TabBar */ = {
			isa = PBXGroup;
			children = (
				DA692B0A25944C5C0069CA8B /* Search */,
				DA692B0725944C2B0069CA8B /* Updates */,
				DA692B0425944BF70069CA8B /* Games */,
				DA692B0125944B7F0069CA8B /* Today */,
				DA692AFF259449E80069CA8B /* MainTabViewController.swift */,
			);
			path = TabBar;
			sourceTree = "<group>";
		};
		DA692B0125944B7F0069CA8B /* Today */ = {
			isa = PBXGroup;
			children = (
				DA692B0F25947ABC0069CA8B /* View */,
				DA692B0E25947AB50069CA8B /* Model */,
				DA692B0D25947AA70069CA8B /* Controller */,
			);
			path = Today;
			sourceTree = "<group>";
		};
		DA692B0425944BF70069CA8B /* Games */ = {
			isa = PBXGroup;
			children = (
				DA9DECE42595F5FD002C28A7 /* View */,
				DA9DECE32595F5F0002C28A7 /* Model */,
				DA9DECE22595F5DC002C28A7 /* Controller */,
			);
			path = Games;
			sourceTree = "<group>";
		};
		DA692B0725944C2B0069CA8B /* Updates */ = {
			isa = PBXGroup;
			children = (
				DA15B0F4259903B500E2321E /* View */,
				DA15B0F3259903AC00E2321E /* Model */,
				DA15B0F22599039800E2321E /* Controller */,
			);
			path = Updates;
			sourceTree = "<group>";
		};
		DA692B0A25944C5C0069CA8B /* Search */ = {
			isa = PBXGroup;
			children = (
				DA19A1D9259B303300D8D039 /* View */,
				DA19A1D8259B302B00D8D039 /* Model */,
				DA19A1D7259B301400D8D039 /* Controller */,
			);
			path = Search;
			sourceTree = "<group>";
		};
		DA692B0D25947AA70069CA8B /* Controller */ = {
			isa = PBXGroup;
			children = (
				DA692B0225944BA30069CA8B /* TodayViewController.swift */,
				DACE119B259504F60066ADB4 /* TodayDetailViewController.swift */,
			);
			path = Controller;
			sourceTree = "<group>";
		};
		DA692B0E25947AB50069CA8B /* Model */ = {
			isa = PBXGroup;
			children = (
				DA692B202594A76D0069CA8B /* TodayAnimationTransition.swift */,
			);
			path = Model;
			sourceTree = "<group>";
		};
		DA692B0F25947ABC0069CA8B /* View */ = {
			isa = PBXGroup;
			children = (
				DA692B1025947BA40069CA8B /* TodayViewCell.swift */,
				DA692B17259493590069CA8B /* TodayHeaderView.swift */,
				DA692B1C25949F2C0069CA8B /* TodayDetailView.swift */,
			);
			path = View;
			sourceTree = "<group>";
		};
		DA692B1225947D900069CA8B /* Utils */ = {
			isa = PBXGroup;
			children = (
				DA692B1325947DA20069CA8B /* GlobalConstants.swift */,
				DA692B1525947F880069CA8B /* GlobalFunctions.swift */,
				DA9E6A6E25987504001045F3 /* CommonCollectionViewFlowLayout.swift */,
				DA19A1DF259B985900D8D039 /* TableKeys.swift */,
			);
			path = Utils;
			sourceTree = "<group>";
		};
		DA692B19259496930069CA8B /* Extensions */ = {
			isa = PBXGroup;
			children = (
				DA692B1A259496C50069CA8B /* UIView.swift */,
				DA692B1E2594A2DB0069CA8B /* String.swift */,
			);
			path = Extensions;
			sourceTree = "<group>";
		};
		DA9DECE22595F5DC002C28A7 /* Controller */ = {
			isa = PBXGroup;
			children = (
				DA692B0525944C0B0069CA8B /* GamesViewController.swift */,
				DA9E6A77259883EE001045F3 /* GameDetailViewController.swift */,
			);
			path = Controller;
			sourceTree = "<group>";
		};
		DA9DECE32595F5F0002C28A7 /* Model */ = {
			isa = PBXGroup;
			children = (
				DA9DECE52595F630002C28A7 /* GameFeatured.swift */,
				DA9DECE72595F699002C28A7 /* GamePopular.swift */,
			);
			path = Model;
			sourceTree = "<group>";
		};
		DA9DECE42595F5FD002C28A7 /* View */ = {
			isa = PBXGroup;
			children = (
				DA12331B2597ACC700C5933E /* Detail */,
				DA9DECFB25967F0F002C28A7 /* Link */,
				DA9DECF2259611CD002C28A7 /* GamePopular */,
				DA9DECEF2595F7BB002C28A7 /* GameFeatured */,
				DA9DECF02596058A002C28A7 /* GameCollectionViewFlowLayout.swift */,
			);
			path = View;
			sourceTree = "<group>";
		};
		DA9DECEF2595F7BB002C28A7 /* GameFeatured */ = {
			isa = PBXGroup;
			children = (
				DA9DECE92595F728002C28A7 /* GameFeaturedTableViewCell.swift */,
				DA9DECEB2595F791002C28A7 /* GameFeaturedCollectionView.swift */,
				DA9DECED2595F7B2002C28A7 /* GameFeaturedCollectionViewCell.swift */,
			);
			path = GameFeatured;
			sourceTree = "<group>";
		};
		DA9DECF2259611CD002C28A7 /* GamePopular */ = {
			isa = PBXGroup;
			children = (
				DA9DECF325965DDB002C28A7 /* GamePopularHeaderView.swift */,
				DA9DECF525966540002C28A7 /* GamePopularTableViewCell.swift */,
				DA9DECF725966679002C28A7 /* GamePopularCollectionView.swift */,
				DA9DECF925966697002C28A7 /* GamePopularCollectionViewCell.swift */,
			);
			path = GamePopular;
			sourceTree = "<group>";
		};
		DA9DECFB25967F0F002C28A7 /* Link */ = {
			isa = PBXGroup;
			children = (
				DA9DECFC25967F4A002C28A7 /* GameLinksHeaderView.swift */,
				DA9DECFE25967FA2002C28A7 /* GameLinkTableViewCell.swift */,
				DA9DED0025967FC7002C28A7 /* GameLinkTableView.swift */,
			);
			path = Link;
			sourceTree = "<group>";
		};
		DA9E6A65259871B2001045F3 /* ReviewCell */ = {
			isa = PBXGroup;
			children = (
				DA9E6A66259871E0001045F3 /* DetailReviewTableViewCell.swift */,
				DA9E6A6825987215001045F3 /* DetailReviewCollectionView.swift */,
				DA9E6A6A25987237001045F3 /* DetailReviewCollectionViewCell.swift */,
			);
			path = ReviewCell;
			sourceTree = "<group>";
		};
		DA9E6A7025987DC7001045F3 /* InformationCell */ = {
			isa = PBXGroup;
			children = (
				DA9E6A7125987E01001045F3 /* DetailInformationTableViewCell.swift */,
				DA9E6A7325987E21001045F3 /* InformationTableView.swift */,
				DA9E6A7525987E38001045F3 /* InformationTableViewCell.swift */,
			);
			path = InformationCell;
			sourceTree = "<group>";
		};
/* End PBXGroup section */

/* Begin PBXNativeTarget section */
		DA692AE6259449780069CA8B /* Storemator */ = {
			isa = PBXNativeTarget;
			buildConfigurationList = DA692AFB259449810069CA8B /* Build configuration list for PBXNativeTarget "Storemator" */;
			buildPhases = (
				DA692AE3259449780069CA8B /* Sources */,
				DA692AE4259449780069CA8B /* Frameworks */,
				DA692AE5259449780069CA8B /* Resources */,
			);
			buildRules = (
			);
			dependencies = (
			);
			name = Storemator;
			productName = Storemator;
			productReference = DA692AE7259449780069CA8B /* Storemator.app */;
			productType = "com.apple.product-type.application";
		};
/* End PBXNativeTarget section */

/* Begin PBXProject section */
		DA692ADF259449780069CA8B /* Project object */ = {
			isa = PBXProject;
			attributes = {
				LastSwiftUpdateCheck = 1140;
				LastUpgradeCheck = 1140;
				ORGANIZATIONNAME = "Amit Chaudhary";
				TargetAttributes = {
					DA692AE6259449780069CA8B = {
						CreatedOnToolsVersion = 11.4.1;
					};
				};
			};
			buildConfigurationList = DA692AE2259449780069CA8B /* Build configuration list for PBXProject "Storemator" */;
			compatibilityVersion = "Xcode 9.3";
			developmentRegion = en;
			hasScannedForEncodings = 0;
			knownRegions = (
				en,
				Base,
			);
			mainGroup = DA692ADE259449780069CA8B;
			productRefGroup = DA692AE8259449780069CA8B /* Products */;
			projectDirPath = "";
			projectRoot = "";
			targets = (
				DA692AE6259449780069CA8B /* Storemator */,
			);
		};
/* End PBXProject section */

/* Begin PBXResourcesBuildPhase section */
		DA692AE5259449780069CA8B /* Resources */ = {
			isa = PBXResourcesBuildPhase;
			buildActionMask = 2147483647;
			files = (
				DA692AF7259449810069CA8B /* LaunchScreen.storyboard in Resources */,
				DA692AF4259449810069CA8B /* Assets.xcassets in Resources */,
				DA692AF2259449780069CA8B /* Main.storyboard in Resources */,
			);
			runOnlyForDeploymentPostprocessing = 0;
		};
/* End PBXResourcesBuildPhase section */

/* Begin PBXSourcesBuildPhase section */
		DA692AE3259449780069CA8B /* Sources */ = {
			isa = PBXSourcesBuildPhase;
			buildActionMask = 2147483647;
			files = (
				DA9E6A67259871E0001045F3 /* DetailReviewTableViewCell.swift in Sources */,
				DA692B0325944BA30069CA8B /* TodayViewController.swift in Sources */,
				DA9E6A7625987E38001045F3 /* InformationTableViewCell.swift in Sources */,
				DA19A1DD259B306600D8D039 /* SearchModel.swift in Sources */,
				DA692B1425947DA20069CA8B /* GlobalConstants.swift in Sources */,
				DA692B0C25944C750069CA8B /* SearchViewController.swift in Sources */,
				DA692B1625947F880069CA8B /* GlobalFunctions.swift in Sources */,
				DA9DECF12596058A002C28A7 /* GameCollectionViewFlowLayout.swift in Sources */,
				DA9E6A6B25987237001045F3 /* DetailReviewCollectionViewCell.swift in Sources */,
				DA9DECF825966679002C28A7 /* GamePopularCollectionView.swift in Sources */,
				DA12331F2597B7D200C5933E /* DetailTopFactsCell.swift in Sources */,
				DA692B1F2594A2DB0069CA8B /* String.swift in Sources */,
				DA692B1B259496C50069CA8B /* UIView.swift in Sources */,
				DA692B1125947BA40069CA8B /* TodayViewCell.swift in Sources */,
				DA9DECFF25967FA2002C28A7 /* GameLinkTableViewCell.swift in Sources */,
				DA9E6A7225987E01001045F3 /* DetailInformationTableViewCell.swift in Sources */,
				DA0FF7E726AA371C00B70DD6 /* TabsViewModel.swift in Sources */,
				DA692AEB259449780069CA8B /* AppDelegate.swift in Sources */,
				DA9DECF425965DDB002C28A7 /* GamePopularHeaderView.swift in Sources */,
				DA9DECFD25967F4B002C28A7 /* GameLinksHeaderView.swift in Sources */,
				DA692B212594A76D0069CA8B /* TodayAnimationTransition.swift in Sources */,
				DA9DECEE2595F7B2002C28A7 /* GameFeaturedCollectionViewCell.swift in Sources */,
				DA0FF7EE26AA376700B70DD6 /* SideBarViewController.swift in Sources */,
				DA9DECEA2595F728002C28A7 /* GameFeaturedTableViewCell.swift in Sources */,
				DA9DECE82595F699002C28A7 /* GamePopular.swift in Sources */,
				DA692AED259449780069CA8B /* SceneDelegate.swift in Sources */,
				DA19A1E4259BACB400D8D039 /* AccountViewCell.swift in Sources */,
				DA9DED0125967FC7002C28A7 /* GameLinkTableView.swift in Sources */,
				DA9DECEC2595F791002C28A7 /* GameFeaturedCollectionView.swift in Sources */,
				DA9E6A7425987E21001045F3 /* InformationTableView.swift in Sources */,
				DA9E6A6F25987504001045F3 /* CommonCollectionViewFlowLayout.swift in Sources */,
				DA9DECE62595F630002C28A7 /* GameFeatured.swift in Sources */,
				DA19A1DB259B304B00D8D039 /* SearchViewCell.swift in Sources */,
				DA9DECF625966540002C28A7 /* GamePopularTableViewCell.swift in Sources */,
				DA19A1E2259BAB0900D8D039 /* AccountViewController.swift in Sources */,
				DA9E6A6925987215001045F3 /* DetailReviewCollectionView.swift in Sources */,
				DA0FF7EB26AA374400B70DD6 /* SplitViewController.swift in Sources */,
				DA9E6A6D25987274001045F3 /* CommonSectionHeaderView.swift in Sources */,
				DA692B00259449E80069CA8B /* MainTabViewController.swift in Sources */,
				DA9E6A78259883EE001045F3 /* GameDetailViewController.swift in Sources */,
				DA692B1D25949F2C0069CA8B /* TodayDetailView.swift in Sources */,
				DA692B18259493590069CA8B /* TodayHeaderView.swift in Sources */,
				DACE119C259504F60066ADB4 /* TodayDetailViewController.swift in Sources */,
				DA692B0625944C0B0069CA8B /* GamesViewController.swift in Sources */,
				DA15B0F82599057200E2321E /* UpdatesViewCell.swift in Sources */,
				DA12331D2597ACEC00C5933E /* DetailNavigationView.swift in Sources */,
				DA218DA52597DF61003184E6 /* DetailNewFeatureViewCell.swift in Sources */,
				DA19A1E0259B985900D8D039 /* TableKeys.swift in Sources */,
				DA9DECFA25966697002C28A7 /* GamePopularCollectionViewCell.swift in Sources */,
				DA15B0F6259903CC00E2321E /* UpdateDataModel.swift in Sources */,
				DA692B0925944C3E0069CA8B /* UpdatesViewController.swift in Sources */,
			);
			runOnlyForDeploymentPostprocessing = 0;
		};
/* End PBXSourcesBuildPhase section */

/* Begin PBXVariantGroup section */
		DA692AF0259449780069CA8B /* Main.storyboard */ = {
			isa = PBXVariantGroup;
			children = (
				DA692AF1259449780069CA8B /* Base */,
			);
			name = Main.storyboard;
			sourceTree = "<group>";
		};
		DA692AF5259449810069CA8B /* LaunchScreen.storyboard */ = {
			isa = PBXVariantGroup;
			children = (
				DA692AF6259449810069CA8B /* Base */,
			);
			name = LaunchScreen.storyboard;
			sourceTree = "<group>";
		};
/* End PBXVariantGroup section */

/* Begin XCBuildConfiguration section */
		DA692AF9259449810069CA8B /* Debug */ = {
			isa = XCBuildConfiguration;
			buildSettings = {
				ALWAYS_SEARCH_USER_PATHS = NO;
				CLANG_ANALYZER_NONNULL = YES;
				CLANG_ANALYZER_NUMBER_OBJECT_CONVERSION = YES_AGGRESSIVE;
				CLANG_CXX_LANGUAGE_STANDARD = "gnu++14";
				CLANG_CXX_LIBRARY = "libc++";
				CLANG_ENABLE_MODULES = YES;
				CLANG_ENABLE_OBJC_ARC = YES;
				CLANG_ENABLE_OBJC_WEAK = YES;
				CLANG_WARN_BLOCK_CAPTURE_AUTORELEASING = YES;
				CLANG_WARN_BOOL_CONVERSION = YES;
				CLANG_WARN_COMMA = YES;
				CLANG_WARN_CONSTANT_CONVERSION = YES;
				CLANG_WARN_DEPRECATED_OBJC_IMPLEMENTATIONS = YES;
				CLANG_WARN_DIRECT_OBJC_ISA_USAGE = YES_ERROR;
				CLANG_WARN_DOCUMENTATION_COMMENTS = YES;
				CLANG_WARN_EMPTY_BODY = YES;
				CLANG_WARN_ENUM_CONVERSION = YES;
				CLANG_WARN_INFINITE_RECURSION = YES;
				CLANG_WARN_INT_CONVERSION = YES;
				CLANG_WARN_NON_LITERAL_NULL_CONVERSION = YES;
				CLANG_WARN_OBJC_IMPLICIT_RETAIN_SELF = YES;
				CLANG_WARN_OBJC_LITERAL_CONVERSION = YES;
				CLANG_WARN_OBJC_ROOT_CLASS = YES_ERROR;
				CLANG_WARN_RANGE_LOOP_ANALYSIS = YES;
				CLANG_WARN_STRICT_PROTOTYPES = YES;
				CLANG_WARN_SUSPICIOUS_MOVE = YES;
				CLANG_WARN_UNGUARDED_AVAILABILITY = YES_AGGRESSIVE;
				CLANG_WARN_UNREACHABLE_CODE = YES;
				CLANG_WARN__DUPLICATE_METHOD_MATCH = YES;
				COPY_PHASE_STRIP = NO;
				DEBUG_INFORMATION_FORMAT = dwarf;
				ENABLE_STRICT_OBJC_MSGSEND = YES;
				ENABLE_TESTABILITY = YES;
				GCC_C_LANGUAGE_STANDARD = gnu11;
				GCC_DYNAMIC_NO_PIC = NO;
				GCC_NO_COMMON_BLOCKS = YES;
				GCC_OPTIMIZATION_LEVEL = 0;
				GCC_PREPROCESSOR_DEFINITIONS = (
					"DEBUG=1",
					"$(inherited)",
				);
				GCC_WARN_64_TO_32_BIT_CONVERSION = YES;
				GCC_WARN_ABOUT_RETURN_TYPE = YES_ERROR;
				GCC_WARN_UNDECLARED_SELECTOR = YES;
				GCC_WARN_UNINITIALIZED_AUTOS = YES_AGGRESSIVE;
				GCC_WARN_UNUSED_FUNCTION = YES;
				GCC_WARN_UNUSED_VARIABLE = YES;
				IPHONEOS_DEPLOYMENT_TARGET = 13.4;
				MTL_ENABLE_DEBUG_INFO = INCLUDE_SOURCE;
				MTL_FAST_MATH = YES;
				ONLY_ACTIVE_ARCH = YES;
				SDKROOT = iphoneos;
				SWIFT_ACTIVE_COMPILATION_CONDITIONS = DEBUG;
				SWIFT_OPTIMIZATION_LEVEL = "-Onone";
			};
			name = Debug;
		};
		DA692AFA259449810069CA8B /* Release */ = {
			isa = XCBuildConfiguration;
			buildSettings = {
				ALWAYS_SEARCH_USER_PATHS = NO;
				CLANG_ANALYZER_NONNULL = YES;
				CLANG_ANALYZER_NUMBER_OBJECT_CONVERSION = YES_AGGRESSIVE;
				CLANG_CXX_LANGUAGE_STANDARD = "gnu++14";
				CLANG_CXX_LIBRARY = "libc++";
				CLANG_ENABLE_MODULES = YES;
				CLANG_ENABLE_OBJC_ARC = YES;
				CLANG_ENABLE_OBJC_WEAK = YES;
				CLANG_WARN_BLOCK_CAPTURE_AUTORELEASING = YES;
				CLANG_WARN_BOOL_CONVERSION = YES;
				CLANG_WARN_COMMA = YES;
				CLANG_WARN_CONSTANT_CONVERSION = YES;
				CLANG_WARN_DEPRECATED_OBJC_IMPLEMENTATIONS = YES;
				CLANG_WARN_DIRECT_OBJC_ISA_USAGE = YES_ERROR;
				CLANG_WARN_DOCUMENTATION_COMMENTS = YES;
				CLANG_WARN_EMPTY_BODY = YES;
				CLANG_WARN_ENUM_CONVERSION = YES;
				CLANG_WARN_INFINITE_RECURSION = YES;
				CLANG_WARN_INT_CONVERSION = YES;
				CLANG_WARN_NON_LITERAL_NULL_CONVERSION = YES;
				CLANG_WARN_OBJC_IMPLICIT_RETAIN_SELF = YES;
				CLANG_WARN_OBJC_LITERAL_CONVERSION = YES;
				CLANG_WARN_OBJC_ROOT_CLASS = YES_ERROR;
				CLANG_WARN_RANGE_LOOP_ANALYSIS = YES;
				CLANG_WARN_STRICT_PROTOTYPES = YES;
				CLANG_WARN_SUSPICIOUS_MOVE = YES;
				CLANG_WARN_UNGUARDED_AVAILABILITY = YES_AGGRESSIVE;
				CLANG_WARN_UNREACHABLE_CODE = YES;
				CLANG_WARN__DUPLICATE_METHOD_MATCH = YES;
				COPY_PHASE_STRIP = NO;
				DEBUG_INFORMATION_FORMAT = "dwarf-with-dsym";
				ENABLE_NS_ASSERTIONS = NO;
				ENABLE_STRICT_OBJC_MSGSEND = YES;
				GCC_C_LANGUAGE_STANDARD = gnu11;
				GCC_NO_COMMON_BLOCKS = YES;
				GCC_WARN_64_TO_32_BIT_CONVERSION = YES;
				GCC_WARN_ABOUT_RETURN_TYPE = YES_ERROR;
				GCC_WARN_UNDECLARED_SELECTOR = YES;
				GCC_WARN_UNINITIALIZED_AUTOS = YES_AGGRESSIVE;
				GCC_WARN_UNUSED_FUNCTION = YES;
				GCC_WARN_UNUSED_VARIABLE = YES;
				IPHONEOS_DEPLOYMENT_TARGET = 13.4;
				MTL_ENABLE_DEBUG_INFO = NO;
				MTL_FAST_MATH = YES;
				SDKROOT = iphoneos;
				SWIFT_COMPILATION_MODE = wholemodule;
				SWIFT_OPTIMIZATION_LEVEL = "-O";
				VALIDATE_PRODUCT = YES;
			};
			name = Release;
		};
		DA692AFC259449810069CA8B /* Debug */ = {
			isa = XCBuildConfiguration;
			buildSettings = {
				ASSETCATALOG_COMPILER_APPICON_NAME = AppIcon;
				CODE_SIGN_STYLE = Automatic;
				DEVELOPMENT_TEAM = 3Y8AYV8D5R;
				INFOPLIST_FILE = Storemator/Info.plist;
				IPHONEOS_DEPLOYMENT_TARGET = 14.1;
				LD_RUNPATH_SEARCH_PATHS = (
					"$(inherited)",
					"@executable_path/Frameworks",
				);
				PRODUCT_BUNDLE_IDENTIFIER = com.2020.Storemator;
				PRODUCT_NAME = "$(TARGET_NAME)";
				SWIFT_VERSION = 5.0;
				TARGETED_DEVICE_FAMILY = "1,2";
			};
			name = Debug;
		};
		DA692AFD259449810069CA8B /* Release */ = {
			isa = XCBuildConfiguration;
			buildSettings = {
				ASSETCATALOG_COMPILER_APPICON_NAME = AppIcon;
				CODE_SIGN_STYLE = Automatic;
				DEVELOPMENT_TEAM = 3Y8AYV8D5R;
				INFOPLIST_FILE = Storemator/Info.plist;
				IPHONEOS_DEPLOYMENT_TARGET = 14.1;
				LD_RUNPATH_SEARCH_PATHS = (
					"$(inherited)",
					"@executable_path/Frameworks",
				);
				PRODUCT_BUNDLE_IDENTIFIER = com.2020.Storemator;
				PRODUCT_NAME = "$(TARGET_NAME)";
				SWIFT_VERSION = 5.0;
				TARGETED_DEVICE_FAMILY = "1,2";
			};
			name = Release;
		};
/* End XCBuildConfiguration section */

/* Begin XCConfigurationList section */
		DA692AE2259449780069CA8B /* Build configuration list for PBXProject "Storemator" */ = {
			isa = XCConfigurationList;
			buildConfigurations = (
				DA692AF9259449810069CA8B /* Debug */,
				DA692AFA259449810069CA8B /* Release */,
			);
			defaultConfigurationIsVisible = 0;
			defaultConfigurationName = Release;
		};
		DA692AFB259449810069CA8B /* Build configuration list for PBXNativeTarget "Storemator" */ = {
			isa = XCConfigurationList;
			buildConfigurations = (
				DA692AFC259449810069CA8B /* Debug */,
				DA692AFD259449810069CA8B /* Release */,
			);
			defaultConfigurationIsVisible = 0;
			defaultConfigurationName = Release;
		};
/* End XCConfigurationList section */
	};
	rootObject = DA692ADF259449780069CA8B /* Project object */;
}
